// !$*UTF8*$!
{
	archiveVersion = 1;
	classes = {
	};
	objectVersion = 51;
	objects = {

/* Begin PBXBuildFile section */
		D31126ED26DC8F3C006250EC /* GoogleService-Info.plist in Resources */ = {isa = PBXBuildFile; fileRef = D31126EC26DC8F3C006250EC /* GoogleService-Info.plist */; };
		D31126F026DC9080006250EC /* UITextField.swift in Sources */ = {isa = PBXBuildFile; fileRef = D31126EF26DC9080006250EC /* UITextField.swift */; };
		D31126F226DC948D006250EC /* HomeMapTextFieldDelegate.swift in Sources */ = {isa = PBXBuildFile; fileRef = D31126F126DC948D006250EC /* HomeMapTextFieldDelegate.swift */; };
		D31126F726DCA1C1006250EC /* FirebaseLayer.swift in Sources */ = {isa = PBXBuildFile; fileRef = D31126F626DCA1C1006250EC /* FirebaseLayer.swift */; };
		D31126F926DCA2E2006250EC /* BaseUrl.swift in Sources */ = {isa = PBXBuildFile; fileRef = D31126F826DCA2E2006250EC /* BaseUrl.swift */; };
		D31126FB26DCC13D006250EC /* UIImage.swift in Sources */ = {isa = PBXBuildFile; fileRef = D31126FA26DCC13D006250EC /* UIImage.swift */; };
		D311270026DCC5C1006250EC /* DirectionViewModel.swift in Sources */ = {isa = PBXBuildFile; fileRef = D31126FF26DCC5C1006250EC /* DirectionViewModel.swift */; };
		D311270426DCC5FB006250EC /* DirectionViewController.swift in Sources */ = {isa = PBXBuildFile; fileRef = D311270326DCC5FB006250EC /* DirectionViewController.swift */; };
		D311270626DCCB77006250EC /* DirectionTextFieldDelegate.swift in Sources */ = {isa = PBXBuildFile; fileRef = D311270526DCCB77006250EC /* DirectionTextFieldDelegate.swift */; };
		D311270826DCCD78006250EC /* DirectionLocationDelegate.swift in Sources */ = {isa = PBXBuildFile; fileRef = D311270726DCCD78006250EC /* DirectionLocationDelegate.swift */; };
		D340DD7A26DC840C00CCC966 /* AppDelegate.swift in Sources */ = {isa = PBXBuildFile; fileRef = D340DD7926DC840C00CCC966 /* AppDelegate.swift */; };
		D340DD7C26DC840C00CCC966 /* SceneDelegate.swift in Sources */ = {isa = PBXBuildFile; fileRef = D340DD7B26DC840C00CCC966 /* SceneDelegate.swift */; };
		D340DD7E26DC840C00CCC966 /* HomeMapViewController.swift in Sources */ = {isa = PBXBuildFile; fileRef = D340DD7D26DC840C00CCC966 /* HomeMapViewController.swift */; };
		D340DD8126DC840C00CCC966 /* Main.storyboard in Resources */ = {isa = PBXBuildFile; fileRef = D340DD7F26DC840C00CCC966 /* Main.storyboard */; };
		D340DD8326DC841000CCC966 /* Assets.xcassets in Resources */ = {isa = PBXBuildFile; fileRef = D340DD8226DC841000CCC966 /* Assets.xcassets */; };
		D340DD8626DC841000CCC966 /* LaunchScreen.storyboard in Resources */ = {isa = PBXBuildFile; fileRef = D340DD8426DC841000CCC966 /* LaunchScreen.storyboard */; };
		D340DD9426DC853600CCC966 /* HomeMapViewModel.swift in Sources */ = {isa = PBXBuildFile; fileRef = D340DD9326DC853600CCC966 /* HomeMapViewModel.swift */; };
		D340DD9826DC85B900CCC966 /* LocationsModel.swift in Sources */ = {isa = PBXBuildFile; fileRef = D340DD9726DC85B900CCC966 /* LocationsModel.swift */; };
		D39D383426DD64E000ED1374 /* UIView.swift in Sources */ = {isa = PBXBuildFile; fileRef = D39D383326DD64E000ED1374 /* UIView.swift */; };
		D39D383626DD653600ED1374 /* UIColor.swift in Sources */ = {isa = PBXBuildFile; fileRef = D39D383526DD653600ED1374 /* UIColor.swift */; };
		D39D383926DD65F400ED1374 /* AddPlaceViewModel.swift in Sources */ = {isa = PBXBuildFile; fileRef = D39D383826DD65F400ED1374 /* AddPlaceViewModel.swift */; };
		D39D383F26DD662A00ED1374 /* AddPlaceViewController.swift in Sources */ = {isa = PBXBuildFile; fileRef = D39D383E26DD662A00ED1374 /* AddPlaceViewController.swift */; };
		D39D384126DD6CC600ED1374 /* UIButton.swift in Sources */ = {isa = PBXBuildFile; fileRef = D39D384026DD6CC600ED1374 /* UIButton.swift */; };
		D39D384326DD706B00ED1374 /* UIViewController.swift in Sources */ = {isa = PBXBuildFile; fileRef = D39D384226DD706B00ED1374 /* UIViewController.swift */; };
		D39D384526DD709D00ED1374 /* AddPlaceTextFieldDelegate.swift in Sources */ = {isa = PBXBuildFile; fileRef = D39D384426DD709D00ED1374 /* AddPlaceTextFieldDelegate.swift */; };
		D39D384926DD7DDA00ED1374 /* MapPickedViewController.swift in Sources */ = {isa = PBXBuildFile; fileRef = D39D384826DD7DDA00ED1374 /* MapPickedViewController.swift */; };
		D39D384B26DD8BC400ED1374 /* MapPickedViewModel.swift in Sources */ = {isa = PBXBuildFile; fileRef = D39D384A26DD8BC400ED1374 /* MapPickedViewModel.swift */; };
		D39D384D26DD8F7800ED1374 /* MapPickedGMSMapViewDelegate.swift in Sources */ = {isa = PBXBuildFile; fileRef = D39D384C26DD8F7800ED1374 /* MapPickedGMSMapViewDelegate.swift */; };
		D5F63A476786B9F4346152A6 /* Pods_Maps.framework in Frameworks */ = {isa = PBXBuildFile; fileRef = 436C27C3B727AF4B795BFBA2 /* Pods_Maps.framework */; };
/* End PBXBuildFile section */

/* Begin PBXFileReference section */
		436C27C3B727AF4B795BFBA2 /* Pods_Maps.framework */ = {isa = PBXFileReference; explicitFileType = wrapper.framework; includeInIndex = 0; path = Pods_Maps.framework; sourceTree = BUILT_PRODUCTS_DIR; };
		706E643E16DF6D61A409D626 /* Pods-Maps.release.xcconfig */ = {isa = PBXFileReference; includeInIndex = 1; lastKnownFileType = text.xcconfig; name = "Pods-Maps.release.xcconfig"; path = "Target Support Files/Pods-Maps/Pods-Maps.release.xcconfig"; sourceTree = "<group>"; };
		AE8B97DD293D553AA2CDE40D /* Pods-Maps.debug.xcconfig */ = {isa = PBXFileReference; includeInIndex = 1; lastKnownFileType = text.xcconfig; name = "Pods-Maps.debug.xcconfig"; path = "Target Support Files/Pods-Maps/Pods-Maps.debug.xcconfig"; sourceTree = "<group>"; };
		D31126EC26DC8F3C006250EC /* GoogleService-Info.plist */ = {isa = PBXFileReference; fileEncoding = 4; lastKnownFileType = text.plist.xml; path = "GoogleService-Info.plist"; sourceTree = "<group>"; };
		D31126EF26DC9080006250EC /* UITextField.swift */ = {isa = PBXFileReference; lastKnownFileType = sourcecode.swift; path = UITextField.swift; sourceTree = "<group>"; };
		D31126F126DC948D006250EC /* HomeMapTextFieldDelegate.swift */ = {isa = PBXFileReference; lastKnownFileType = sourcecode.swift; path = HomeMapTextFieldDelegate.swift; sourceTree = "<group>"; };
		D31126F626DCA1C1006250EC /* FirebaseLayer.swift */ = {isa = PBXFileReference; lastKnownFileType = sourcecode.swift; path = FirebaseLayer.swift; sourceTree = "<group>"; };
		D31126F826DCA2E2006250EC /* BaseUrl.swift */ = {isa = PBXFileReference; lastKnownFileType = sourcecode.swift; path = BaseUrl.swift; sourceTree = "<group>"; };
		D31126FA26DCC13D006250EC /* UIImage.swift */ = {isa = PBXFileReference; lastKnownFileType = sourcecode.swift; path = UIImage.swift; sourceTree = "<group>"; };
		D31126FF26DCC5C1006250EC /* DirectionViewModel.swift */ = {isa = PBXFileReference; lastKnownFileType = sourcecode.swift; path = DirectionViewModel.swift; sourceTree = "<group>"; };
		D311270326DCC5FB006250EC /* DirectionViewController.swift */ = {isa = PBXFileReference; lastKnownFileType = sourcecode.swift; path = DirectionViewController.swift; sourceTree = "<group>"; };
		D311270526DCCB77006250EC /* DirectionTextFieldDelegate.swift */ = {isa = PBXFileReference; lastKnownFileType = sourcecode.swift; path = DirectionTextFieldDelegate.swift; sourceTree = "<group>"; };
		D311270726DCCD78006250EC /* DirectionLocationDelegate.swift */ = {isa = PBXFileReference; lastKnownFileType = sourcecode.swift; path = DirectionLocationDelegate.swift; sourceTree = "<group>"; };
		D340DD7626DC840C00CCC966 /* Maps.app */ = {isa = PBXFileReference; explicitFileType = wrapper.application; includeInIndex = 0; path = Maps.app; sourceTree = BUILT_PRODUCTS_DIR; };
		D340DD7926DC840C00CCC966 /* AppDelegate.swift */ = {isa = PBXFileReference; lastKnownFileType = sourcecode.swift; path = AppDelegate.swift; sourceTree = "<group>"; };
		D340DD7B26DC840C00CCC966 /* SceneDelegate.swift */ = {isa = PBXFileReference; lastKnownFileType = sourcecode.swift; path = SceneDelegate.swift; sourceTree = "<group>"; };
		D340DD7D26DC840C00CCC966 /* HomeMapViewController.swift */ = {isa = PBXFileReference; lastKnownFileType = sourcecode.swift; path = HomeMapViewController.swift; sourceTree = "<group>"; };
		D340DD8026DC840C00CCC966 /* Base */ = {isa = PBXFileReference; lastKnownFileType = file.storyboard; name = Base; path = Base.lproj/Main.storyboard; sourceTree = "<group>"; };
		D340DD8226DC841000CCC966 /* Assets.xcassets */ = {isa = PBXFileReference; lastKnownFileType = folder.assetcatalog; path = Assets.xcassets; sourceTree = "<group>"; };
		D340DD8526DC841000CCC966 /* Base */ = {isa = PBXFileReference; lastKnownFileType = file.storyboard; name = Base; path = Base.lproj/LaunchScreen.storyboard; sourceTree = "<group>"; };
		D340DD8726DC841000CCC966 /* Info.plist */ = {isa = PBXFileReference; lastKnownFileType = text.plist.xml; path = Info.plist; sourceTree = "<group>"; };
		D340DD9326DC853600CCC966 /* HomeMapViewModel.swift */ = {isa = PBXFileReference; lastKnownFileType = sourcecode.swift; path = HomeMapViewModel.swift; sourceTree = "<group>"; };
		D340DD9726DC85B900CCC966 /* LocationsModel.swift */ = {isa = PBXFileReference; lastKnownFileType = sourcecode.swift; path = LocationsModel.swift; sourceTree = "<group>"; };
		D39D383326DD64E000ED1374 /* UIView.swift */ = {isa = PBXFileReference; lastKnownFileType = sourcecode.swift; path = UIView.swift; sourceTree = "<group>"; };
		D39D383526DD653600ED1374 /* UIColor.swift */ = {isa = PBXFileReference; fileEncoding = 4; lastKnownFileType = sourcecode.swift; path = UIColor.swift; sourceTree = "<group>"; };
		D39D383826DD65F400ED1374 /* AddPlaceViewModel.swift */ = {isa = PBXFileReference; lastKnownFileType = sourcecode.swift; path = AddPlaceViewModel.swift; sourceTree = "<group>"; };
		D39D383E26DD662A00ED1374 /* AddPlaceViewController.swift */ = {isa = PBXFileReference; lastKnownFileType = sourcecode.swift; path = AddPlaceViewController.swift; sourceTree = "<group>"; };
		D39D384026DD6CC600ED1374 /* UIButton.swift */ = {isa = PBXFileReference; lastKnownFileType = sourcecode.swift; path = UIButton.swift; sourceTree = "<group>"; };
		D39D384226DD706B00ED1374 /* UIViewController.swift */ = {isa = PBXFileReference; lastKnownFileType = sourcecode.swift; path = UIViewController.swift; sourceTree = "<group>"; };
		D39D384426DD709D00ED1374 /* AddPlaceTextFieldDelegate.swift */ = {isa = PBXFileReference; lastKnownFileType = sourcecode.swift; path = AddPlaceTextFieldDelegate.swift; sourceTree = "<group>"; };
		D39D384826DD7DDA00ED1374 /* MapPickedViewController.swift */ = {isa = PBXFileReference; lastKnownFileType = sourcecode.swift; path = MapPickedViewController.swift; sourceTree = "<group>"; };
		D39D384A26DD8BC400ED1374 /* MapPickedViewModel.swift */ = {isa = PBXFileReference; lastKnownFileType = sourcecode.swift; path = MapPickedViewModel.swift; sourceTree = "<group>"; };
		D39D384C26DD8F7800ED1374 /* MapPickedGMSMapViewDelegate.swift */ = {isa = PBXFileReference; lastKnownFileType = sourcecode.swift; path = MapPickedGMSMapViewDelegate.swift; sourceTree = "<group>"; };
/* End PBXFileReference section */

/* Begin PBXFrameworksBuildPhase section */
		D340DD7326DC840C00CCC966 /* Frameworks */ = {
			isa = PBXFrameworksBuildPhase;
			buildActionMask = 2147483647;
			files = (
				D5F63A476786B9F4346152A6 /* Pods_Maps.framework in Frameworks */,
			);
			runOnlyForDeploymentPostprocessing = 0;
		};
/* End PBXFrameworksBuildPhase section */

/* Begin PBXGroup section */
		08DE627B1387ED2E544E7499 /* Pods */ = {
			isa = PBXGroup;
			children = (
				AE8B97DD293D553AA2CDE40D /* Pods-Maps.debug.xcconfig */,
				706E643E16DF6D61A409D626 /* Pods-Maps.release.xcconfig */,
			);
			path = Pods;
			sourceTree = "<group>";
		};
		B9FF746FBD6B4A6A5C89EAEF /* Frameworks */ = {
			isa = PBXGroup;
			children = (
				436C27C3B727AF4B795BFBA2 /* Pods_Maps.framework */,
			);
			name = Frameworks;
			sourceTree = "<group>";
		};
		D31126EE26DC9066006250EC /* Extensions */ = {
			isa = PBXGroup;
			children = (
				D31126EF26DC9080006250EC /* UITextField.swift */,
				D31126FA26DCC13D006250EC /* UIImage.swift */,
				D39D383326DD64E000ED1374 /* UIView.swift */,
				D39D383526DD653600ED1374 /* UIColor.swift */,
				D39D384026DD6CC600ED1374 /* UIButton.swift */,
				D39D384226DD706B00ED1374 /* UIViewController.swift */,
			);
			path = Extensions;
			sourceTree = "<group>";
		};
		D31126F526DCA1AD006250EC /* FirebaseLayer */ = {
			isa = PBXGroup;
			children = (
				D31126F626DCA1C1006250EC /* FirebaseLayer.swift */,
				D31126F826DCA2E2006250EC /* BaseUrl.swift */,
			);
			path = FirebaseLayer;
			sourceTree = "<group>";
		};
		D31126FC26DCC58B006250EC /* Contollers */ = {
			isa = PBXGroup;
			children = (
				D31126FD26DCC594006250EC /* HomeMap */,
				D31126FE26DCC5A5006250EC /* DirectionMap */,
				D39D383726DD65DB00ED1374 /* AddPlace */,
			);
			path = Contollers;
			sourceTree = "<group>";
		};
		D31126FD26DCC594006250EC /* HomeMap */ = {
			isa = PBXGroup;
			children = (
				D340DD9226DC852100CCC966 /* Home ViewModel */,
				D340DD9526DC853B00CCC966 /* Home ViewController */,
			);
			path = HomeMap;
			sourceTree = "<group>";
		};
		D31126FE26DCC5A5006250EC /* DirectionMap */ = {
			isa = PBXGroup;
			children = (
				D311270126DCC5C6006250EC /* DirectionViewModel */,
				D311270226DCC5D4006250EC /* DirectionViewController */,
			);
			path = DirectionMap;
			sourceTree = "<group>";
		};
		D311270126DCC5C6006250EC /* DirectionViewModel */ = {
			isa = PBXGroup;
			children = (
				D31126FF26DCC5C1006250EC /* DirectionViewModel.swift */,
			);
			path = DirectionViewModel;
			sourceTree = "<group>";
		};
		D311270226DCC5D4006250EC /* DirectionViewController */ = {
			isa = PBXGroup;
			children = (
				D311270326DCC5FB006250EC /* DirectionViewController.swift */,
				D311270526DCCB77006250EC /* DirectionTextFieldDelegate.swift */,
				D311270726DCCD78006250EC /* DirectionLocationDelegate.swift */,
			);
			path = DirectionViewController;
			sourceTree = "<group>";
		};
		D340DD6D26DC840C00CCC966 = {
			isa = PBXGroup;
			children = (
				D340DD7826DC840C00CCC966 /* Maps */,
				D340DD7726DC840C00CCC966 /* Products */,
				08DE627B1387ED2E544E7499 /* Pods */,
				B9FF746FBD6B4A6A5C89EAEF /* Frameworks */,
			);
			sourceTree = "<group>";
		};
		D340DD7726DC840C00CCC966 /* Products */ = {
			isa = PBXGroup;
			children = (
				D340DD7626DC840C00CCC966 /* Maps.app */,
			);
			name = Products;
			sourceTree = "<group>";
		};
		D340DD7826DC840C00CCC966 /* Maps */ = {
			isa = PBXGroup;
			children = (
				D340DD8D26DC842C00CCC966 /* AppDelegate */,
				D340DD9126DC849800CCC966 /* Launch Screen */,
				D31126EE26DC9066006250EC /* Extensions */,
				D31126F526DCA1AD006250EC /* FirebaseLayer */,
				D340DD9626DC85A700CCC966 /* Models */,
				D340DD8F26DC846400CCC966 /* Views + Controllers */,
				D340DD9026DC847D00CCC966 /* Resources */,
			);
			path = Maps;
			sourceTree = "<group>";
		};
		D340DD8D26DC842C00CCC966 /* AppDelegate */ = {
			isa = PBXGroup;
			children = (
				D340DD7926DC840C00CCC966 /* AppDelegate.swift */,
				D340DD7B26DC840C00CCC966 /* SceneDelegate.swift */,
			);
			path = AppDelegate;
			sourceTree = "<group>";
		};
		D340DD8F26DC846400CCC966 /* Views + Controllers */ = {
			isa = PBXGroup;
			children = (
				D31126FC26DCC58B006250EC /* Contollers */,
				D340DD9926DC863D00CCC966 /* HomeMap View */,
			);
			path = "Views + Controllers";
			sourceTree = "<group>";
		};
		D340DD9026DC847D00CCC966 /* Resources */ = {
			isa = PBXGroup;
			children = (
				D31126EC26DC8F3C006250EC /* GoogleService-Info.plist */,
				D340DD8226DC841000CCC966 /* Assets.xcassets */,
				D340DD8726DC841000CCC966 /* Info.plist */,
			);
			path = Resources;
			sourceTree = "<group>";
		};
		D340DD9126DC849800CCC966 /* Launch Screen */ = {
			isa = PBXGroup;
			children = (
				D340DD8426DC841000CCC966 /* LaunchScreen.storyboard */,
			);
			path = "Launch Screen";
			sourceTree = "<group>";
		};
		D340DD9226DC852100CCC966 /* Home ViewModel */ = {
			isa = PBXGroup;
			children = (
				D340DD9326DC853600CCC966 /* HomeMapViewModel.swift */,
			);
			path = "Home ViewModel";
			sourceTree = "<group>";
		};
		D340DD9526DC853B00CCC966 /* Home ViewController */ = {
			isa = PBXGroup;
			children = (
				D340DD7D26DC840C00CCC966 /* HomeMapViewController.swift */,
				D31126F126DC948D006250EC /* HomeMapTextFieldDelegate.swift */,
			);
			path = "Home ViewController";
			sourceTree = "<group>";
		};
		D340DD9626DC85A700CCC966 /* Models */ = {
			isa = PBXGroup;
			children = (
				D340DD9726DC85B900CCC966 /* LocationsModel.swift */,
			);
			path = Models;
			sourceTree = "<group>";
		};
		D340DD9926DC863D00CCC966 /* HomeMap View */ = {
			isa = PBXGroup;
			children = (
				D340DD7F26DC840C00CCC966 /* Main.storyboard */,
			);
			path = "HomeMap View";
			sourceTree = "<group>";
		};
		D39D383726DD65DB00ED1374 /* AddPlace */ = {
			isa = PBXGroup;
			children = (
				D39D383A26DD65F800ED1374 /* AddPlace ViewModel */,
				D39D383D26DD660C00ED1374 /* AddPlace ViewController */,
			);
			path = AddPlace;
			sourceTree = "<group>";
		};
		D39D383A26DD65F800ED1374 /* AddPlace ViewModel */ = {
			isa = PBXGroup;
			children = (
				D39D383826DD65F400ED1374 /* AddPlaceViewModel.swift */,
			);
			path = "AddPlace ViewModel";
			sourceTree = "<group>";
		};
		D39D383D26DD660C00ED1374 /* AddPlace ViewController */ = {
			isa = PBXGroup;
			children = (
				D39D384626DD7D8400ED1374 /* AddPlace VieweController */,
				D39D384726DD7D9600ED1374 /* MapPicked ViewController */,
			);
			path = "AddPlace ViewController";
			sourceTree = "<group>";
		};
		D39D384626DD7D8400ED1374 /* AddPlace VieweController */ = {
			isa = PBXGroup;
			children = (
				D39D383E26DD662A00ED1374 /* AddPlaceViewController.swift */,
				D39D384426DD709D00ED1374 /* AddPlaceTextFieldDelegate.swift */,
			);
			path = "AddPlace VieweController";
			sourceTree = "<group>";
		};
		D39D384726DD7D9600ED1374 /* MapPicked ViewController */ = {
			isa = PBXGroup;
			children = (
				D39D384E26DDA3E200ED1374 /* MapPicked ViewModel */,
				D39D384F26DDA3F100ED1374 /* MapPicked ViewController */,
			);
			path = "MapPicked ViewController";
			sourceTree = "<group>";
		};
		D39D384E26DDA3E200ED1374 /* MapPicked ViewModel */ = {
			isa = PBXGroup;
			children = (
				D39D384A26DD8BC400ED1374 /* MapPickedViewModel.swift */,
			);
			path = "MapPicked ViewModel";
			sourceTree = "<group>";
		};
		D39D384F26DDA3F100ED1374 /* MapPicked ViewController */ = {
			isa = PBXGroup;
			children = (
				D39D384826DD7DDA00ED1374 /* MapPickedViewController.swift */,
				D39D384C26DD8F7800ED1374 /* MapPickedGMSMapViewDelegate.swift */,
			);
			path = "MapPicked ViewController";
			sourceTree = "<group>";
		};
/* End PBXGroup section */

/* Begin PBXNativeTarget section */
		D340DD7526DC840C00CCC966 /* Maps */ = {
			isa = PBXNativeTarget;
			buildConfigurationList = D340DD8A26DC841000CCC966 /* Build configuration list for PBXNativeTarget "Maps" */;
			buildPhases = (
				5772B6E69A1B84439733D9B7 /* [CP] Check Pods Manifest.lock */,
				D340DD7226DC840C00CCC966 /* Sources */,
				D340DD7326DC840C00CCC966 /* Frameworks */,
				D340DD7426DC840C00CCC966 /* Resources */,
				96F82E74EAB1205582ABFE74 /* [CP] Embed Pods Frameworks */,
				D1B5A01F8A31E58D6BCABB23 /* [CP] Copy Pods Resources */,
			);
			buildRules = (
			);
			dependencies = (
			);
			name = Maps;
			productName = Maps;
			productReference = D340DD7626DC840C00CCC966 /* Maps.app */;
			productType = "com.apple.product-type.application";
		};
/* End PBXNativeTarget section */

/* Begin PBXProject section */
		D340DD6E26DC840C00CCC966 /* Project object */ = {
			isa = PBXProject;
			attributes = {
				LastSwiftUpdateCheck = 1250;
				LastUpgradeCheck = 1250;
				TargetAttributes = {
					D340DD7526DC840C00CCC966 = {
						CreatedOnToolsVersion = 12.5;
					};
				};
			};
			buildConfigurationList = D340DD7126DC840C00CCC966 /* Build configuration list for PBXProject "Maps" */;
			compatibilityVersion = "Xcode 9.3";
			developmentRegion = en;
			hasScannedForEncodings = 0;
			knownRegions = (
				en,
				Base,
			);
			mainGroup = D340DD6D26DC840C00CCC966;
			productRefGroup = D340DD7726DC840C00CCC966 /* Products */;
			projectDirPath = "";
			projectRoot = "";
			targets = (
				D340DD7526DC840C00CCC966 /* Maps */,
			);
		};
/* End PBXProject section */

/* Begin PBXResourcesBuildPhase section */
		D340DD7426DC840C00CCC966 /* Resources */ = {
			isa = PBXResourcesBuildPhase;
			buildActionMask = 2147483647;
			files = (
				D340DD8626DC841000CCC966 /* LaunchScreen.storyboard in Resources */,
				D31126ED26DC8F3C006250EC /* GoogleService-Info.plist in Resources */,
				D340DD8326DC841000CCC966 /* Assets.xcassets in Resources */,
				D340DD8126DC840C00CCC966 /* Main.storyboard in Resources */,
			);
			runOnlyForDeploymentPostprocessing = 0;
		};
/* End PBXResourcesBuildPhase section */

/* Begin PBXShellScriptBuildPhase section */
		5772B6E69A1B84439733D9B7 /* [CP] Check Pods Manifest.lock */ = {
			isa = PBXShellScriptBuildPhase;
			buildActionMask = 2147483647;
			files = (
			);
			inputFileListPaths = (
			);
			inputPaths = (
				"${PODS_PODFILE_DIR_PATH}/Podfile.lock",
				"${PODS_ROOT}/Manifest.lock",
			);
			name = "[CP] Check Pods Manifest.lock";
			outputFileListPaths = (
			);
			outputPaths = (
				"$(DERIVED_FILE_DIR)/Pods-Maps-checkManifestLockResult.txt",
			);
			runOnlyForDeploymentPostprocessing = 0;
			shellPath = /bin/sh;
			shellScript = "diff \"${PODS_PODFILE_DIR_PATH}/Podfile.lock\" \"${PODS_ROOT}/Manifest.lock\" > /dev/null\nif [ $? != 0 ] ; then\n    # print error to STDERR\n    echo \"error: The sandbox is not in sync with the Podfile.lock. Run 'pod install' or update your CocoaPods installation.\" >&2\n    exit 1\nfi\n# This output is used by Xcode 'outputs' to avoid re-running this script phase.\necho \"SUCCESS\" > \"${SCRIPT_OUTPUT_FILE_0}\"\n";
			showEnvVarsInLog = 0;
		};
		96F82E74EAB1205582ABFE74 /* [CP] Embed Pods Frameworks */ = {
			isa = PBXShellScriptBuildPhase;
			buildActionMask = 2147483647;
			files = (
			);
			inputFileListPaths = (
				"${PODS_ROOT}/Target Support Files/Pods-Maps/Pods-Maps-frameworks-${CONFIGURATION}-input-files.xcfilelist",
			);
			name = "[CP] Embed Pods Frameworks";
			outputFileListPaths = (
				"${PODS_ROOT}/Target Support Files/Pods-Maps/Pods-Maps-frameworks-${CONFIGURATION}-output-files.xcfilelist",
			);
			runOnlyForDeploymentPostprocessing = 0;
			shellPath = /bin/sh;
			shellScript = "\"${PODS_ROOT}/Target Support Files/Pods-Maps/Pods-Maps-frameworks.sh\"\n";
			showEnvVarsInLog = 0;
		};
		D1B5A01F8A31E58D6BCABB23 /* [CP] Copy Pods Resources */ = {
			isa = PBXShellScriptBuildPhase;
			buildActionMask = 2147483647;
			files = (
			);
			inputFileListPaths = (
				"${PODS_ROOT}/Target Support Files/Pods-Maps/Pods-Maps-resources-${CONFIGURATION}-input-files.xcfilelist",
			);
			name = "[CP] Copy Pods Resources";
			outputFileListPaths = (
				"${PODS_ROOT}/Target Support Files/Pods-Maps/Pods-Maps-resources-${CONFIGURATION}-output-files.xcfilelist",
			);
			runOnlyForDeploymentPostprocessing = 0;
			shellPath = /bin/sh;
			shellScript = "\"${PODS_ROOT}/Target Support Files/Pods-Maps/Pods-Maps-resources.sh\"\n";
			showEnvVarsInLog = 0;
		};
/* End PBXShellScriptBuildPhase section */

/* Begin PBXSourcesBuildPhase section */
		D340DD7226DC840C00CCC966 /* Sources */ = {
			isa = PBXSourcesBuildPhase;
			buildActionMask = 2147483647;
			files = (
				D39D384B26DD8BC400ED1374 /* MapPickedViewModel.swift in Sources */,
				D340DD9826DC85B900CCC966 /* LocationsModel.swift in Sources */,
				D311270826DCCD78006250EC /* DirectionLocationDelegate.swift in Sources */,
				D31126FB26DCC13D006250EC /* UIImage.swift in Sources */,
				D340DD9426DC853600CCC966 /* HomeMapViewModel.swift in Sources */,
				D340DD7E26DC840C00CCC966 /* HomeMapViewController.swift in Sources */,
				D39D383626DD653600ED1374 /* UIColor.swift in Sources */,
				D39D384D26DD8F7800ED1374 /* MapPickedGMSMapViewDelegate.swift in Sources */,
				D39D384126DD6CC600ED1374 /* UIButton.swift in Sources */,
				D31126F226DC948D006250EC /* HomeMapTextFieldDelegate.swift in Sources */,
				D31126F926DCA2E2006250EC /* BaseUrl.swift in Sources */,
				D31126F726DCA1C1006250EC /* FirebaseLayer.swift in Sources */,
				D340DD7A26DC840C00CCC966 /* AppDelegate.swift in Sources */,
				D311270426DCC5FB006250EC /* DirectionViewController.swift in Sources */,
				D39D383426DD64E000ED1374 /* UIView.swift in Sources */,
				D39D383F26DD662A00ED1374 /* AddPlaceViewController.swift in Sources */,
				D39D384526DD709D00ED1374 /* AddPlaceTextFieldDelegate.swift in Sources */,
				D39D384926DD7DDA00ED1374 /* MapPickedViewController.swift in Sources */,
				D39D384326DD706B00ED1374 /* UIViewController.swift in Sources */,
				D311270026DCC5C1006250EC /* DirectionViewModel.swift in Sources */,
				D39D383926DD65F400ED1374 /* AddPlaceViewModel.swift in Sources */,
				D340DD7C26DC840C00CCC966 /* SceneDelegate.swift in Sources */,
				D31126F026DC9080006250EC /* UITextField.swift in Sources */,
				D311270626DCCB77006250EC /* DirectionTextFieldDelegate.swift in Sources */,
			);
			runOnlyForDeploymentPostprocessing = 0;
		};
/* End PBXSourcesBuildPhase section */

/* Begin PBXVariantGroup section */
		D340DD7F26DC840C00CCC966 /* Main.storyboard */ = {
			isa = PBXVariantGroup;
			children = (
				D340DD8026DC840C00CCC966 /* Base */,
			);
			name = Main.storyboard;
			sourceTree = "<group>";
		};
		D340DD8426DC841000CCC966 /* LaunchScreen.storyboard */ = {
			isa = PBXVariantGroup;
			children = (
				D340DD8526DC841000CCC966 /* Base */,
			);
			name = LaunchScreen.storyboard;
			sourceTree = "<group>";
		};
/* End PBXVariantGroup section */

/* Begin XCBuildConfiguration section */
		D340DD8826DC841000CCC966 /* Debug */ = {
			isa = XCBuildConfiguration;
			buildSettings = {
				ALWAYS_SEARCH_USER_PATHS = NO;
				CLANG_ANALYZER_NONNULL = YES;
				CLANG_ANALYZER_NUMBER_OBJECT_CONVERSION = YES_AGGRESSIVE;
				CLANG_CXX_LANGUAGE_STANDARD = "gnu++14";
				CLANG_CXX_LIBRARY = "libc++";
				CLANG_ENABLE_MODULES = YES;
				CLANG_ENABLE_OBJC_ARC = YES;
				CLANG_ENABLE_OBJC_WEAK = YES;
				CLANG_WARN_BLOCK_CAPTURE_AUTORELEASING = YES;
				CLANG_WARN_BOOL_CONVERSION = YES;
				CLANG_WARN_COMMA = YES;
				CLANG_WARN_CONSTANT_CONVERSION = YES;
				CLANG_WARN_DEPRECATED_OBJC_IMPLEMENTATIONS = YES;
				CLANG_WARN_DIRECT_OBJC_ISA_USAGE = YES_ERROR;
				CLANG_WARN_DOCUMENTATION_COMMENTS = YES;
				CLANG_WARN_EMPTY_BODY = YES;
				CLANG_WARN_ENUM_CONVERSION = YES;
				CLANG_WARN_INFINITE_RECURSION = YES;
				CLANG_WARN_INT_CONVERSION = YES;
				CLANG_WARN_NON_LITERAL_NULL_CONVERSION = YES;
				CLANG_WARN_OBJC_IMPLICIT_RETAIN_SELF = YES;
				CLANG_WARN_OBJC_LITERAL_CONVERSION = YES;
				CLANG_WARN_OBJC_ROOT_CLASS = YES_ERROR;
				CLANG_WARN_QUOTED_INCLUDE_IN_FRAMEWORK_HEADER = YES;
				CLANG_WARN_RANGE_LOOP_ANALYSIS = YES;
				CLANG_WARN_STRICT_PROTOTYPES = YES;
				CLANG_WARN_SUSPICIOUS_MOVE = YES;
				CLANG_WARN_UNGUARDED_AVAILABILITY = YES_AGGRESSIVE;
				CLANG_WARN_UNREACHABLE_CODE = YES;
				CLANG_WARN__DUPLICATE_METHOD_MATCH = YES;
				COPY_PHASE_STRIP = NO;
				DEBUG_INFORMATION_FORMAT = dwarf;
				ENABLE_STRICT_OBJC_MSGSEND = YES;
				ENABLE_TESTABILITY = YES;
				GCC_C_LANGUAGE_STANDARD = gnu11;
				GCC_DYNAMIC_NO_PIC = NO;
				GCC_NO_COMMON_BLOCKS = YES;
				GCC_OPTIMIZATION_LEVEL = 0;
				GCC_PREPROCESSOR_DEFINITIONS = (
					"DEBUG=1",
					"$(inherited)",
				);
				GCC_WARN_64_TO_32_BIT_CONVERSION = YES;
				GCC_WARN_ABOUT_RETURN_TYPE = YES_ERROR;
				GCC_WARN_UNDECLARED_SELECTOR = YES;
				GCC_WARN_UNINITIALIZED_AUTOS = YES_AGGRESSIVE;
				GCC_WARN_UNUSED_FUNCTION = YES;
				GCC_WARN_UNUSED_VARIABLE = YES;
				IPHONEOS_DEPLOYMENT_TARGET = 14.5;
				MTL_ENABLE_DEBUG_INFO = INCLUDE_SOURCE;
				MTL_FAST_MATH = YES;
				ONLY_ACTIVE_ARCH = YES;
				SDKROOT = iphoneos;
				SWIFT_ACTIVE_COMPILATION_CONDITIONS = DEBUG;
				SWIFT_OPTIMIZATION_LEVEL = "-Onone";
			};
			name = Debug;
		};
		D340DD8926DC841000CCC966 /* Release */ = {
			isa = XCBuildConfiguration;
			buildSettings = {
				ALWAYS_SEARCH_USER_PATHS = NO;
				CLANG_ANALYZER_NONNULL = YES;
				CLANG_ANALYZER_NUMBER_OBJECT_CONVERSION = YES_AGGRESSIVE;
				CLANG_CXX_LANGUAGE_STANDARD = "gnu++14";
				CLANG_CXX_LIBRARY = "libc++";
				CLANG_ENABLE_MODULES = YES;
				CLANG_ENABLE_OBJC_ARC = YES;
				CLANG_ENABLE_OBJC_WEAK = YES;
				CLANG_WARN_BLOCK_CAPTURE_AUTORELEASING = YES;
				CLANG_WARN_BOOL_CONVERSION = YES;
				CLANG_WARN_COMMA = YES;
				CLANG_WARN_CONSTANT_CONVERSION = YES;
				CLANG_WARN_DEPRECATED_OBJC_IMPLEMENTATIONS = YES;
				CLANG_WARN_DIRECT_OBJC_ISA_USAGE = YES_ERROR;
				CLANG_WARN_DOCUMENTATION_COMMENTS = YES;
				CLANG_WARN_EMPTY_BODY = YES;
				CLANG_WARN_ENUM_CONVERSION = YES;
				CLANG_WARN_INFINITE_RECURSION = YES;
				CLANG_WARN_INT_CONVERSION = YES;
				CLANG_WARN_NON_LITERAL_NULL_CONVERSION = YES;
				CLANG_WARN_OBJC_IMPLICIT_RETAIN_SELF = YES;
				CLANG_WARN_OBJC_LITERAL_CONVERSION = YES;
				CLANG_WARN_OBJC_ROOT_CLASS = YES_ERROR;
				CLANG_WARN_QUOTED_INCLUDE_IN_FRAMEWORK_HEADER = YES;
				CLANG_WARN_RANGE_LOOP_ANALYSIS = YES;
				CLANG_WARN_STRICT_PROTOTYPES = YES;
				CLANG_WARN_SUSPICIOUS_MOVE = YES;
				CLANG_WARN_UNGUARDED_AVAILABILITY = YES_AGGRESSIVE;
				CLANG_WARN_UNREACHABLE_CODE = YES;
				CLANG_WARN__DUPLICATE_METHOD_MATCH = YES;
				COPY_PHASE_STRIP = NO;
				DEBUG_INFORMATION_FORMAT = "dwarf-with-dsym";
				ENABLE_NS_ASSERTIONS = NO;
				ENABLE_STRICT_OBJC_MSGSEND = YES;
				GCC_C_LANGUAGE_STANDARD = gnu11;
				GCC_NO_COMMON_BLOCKS = YES;
				GCC_WARN_64_TO_32_BIT_CONVERSION = YES;
				GCC_WARN_ABOUT_RETURN_TYPE = YES_ERROR;
				GCC_WARN_UNDECLARED_SELECTOR = YES;
				GCC_WARN_UNINITIALIZED_AUTOS = YES_AGGRESSIVE;
				GCC_WARN_UNUSED_FUNCTION = YES;
				GCC_WARN_UNUSED_VARIABLE = YES;
				IPHONEOS_DEPLOYMENT_TARGET = 14.5;
				MTL_ENABLE_DEBUG_INFO = NO;
				MTL_FAST_MATH = YES;
				SDKROOT = iphoneos;
				SWIFT_COMPILATION_MODE = wholemodule;
				SWIFT_OPTIMIZATION_LEVEL = "-O";
				VALIDATE_PRODUCT = YES;
			};
			name = Release;
		};
		D340DD8B26DC841000CCC966 /* Debug */ = {
			isa = XCBuildConfiguration;
			baseConfigurationReference = AE8B97DD293D553AA2CDE40D /* Pods-Maps.debug.xcconfig */;
			buildSettings = {
				ASSETCATALOG_COMPILER_APPICON_NAME = AppIcon;
				ASSETCATALOG_COMPILER_GLOBAL_ACCENT_COLOR_NAME = AccentColor;
				CODE_SIGN_STYLE = Automatic;
				DEVELOPMENT_TEAM = X4YZSY77G5;
				INFOPLIST_FILE = "$(SRCROOT)/Maps/Resources/Info.plist";
				IPHONEOS_DEPLOYMENT_TARGET = 13.0;
				LD_RUNPATH_SEARCH_PATHS = (
					"$(inherited)",
					"@executable_path/Frameworks",
				);
				PRODUCT_BUNDLE_IDENTIFIER = com.myorganization199.Maps;
				PRODUCT_NAME = "$(TARGET_NAME)";
				SWIFT_VERSION = 5.0;
				TARGETED_DEVICE_FAMILY = 1;
			};
			name = Debug;
		};
		D340DD8C26DC841000CCC966 /* Release */ = {
			isa = XCBuildConfiguration;
			baseConfigurationReference = 706E643E16DF6D61A409D626 /* Pods-Maps.release.xcconfig */;
			buildSettings = {
				ASSETCATALOG_COMPILER_APPICON_NAME = AppIcon;
				ASSETCATALOG_COMPILER_GLOBAL_ACCENT_COLOR_NAME = AccentColor;
				CODE_SIGN_STYLE = Automatic;
				DEVELOPMENT_TEAM = X4YZSY77G5;
				INFOPLIST_FILE = "$(SRCROOT)/Maps/Resources/Info.plist";
				IPHONEOS_DEPLOYMENT_TARGET = 13.0;
				LD_RUNPATH_SEARCH_PATHS = (
					"$(inherited)",
					"@executable_path/Frameworks",
				);
				PRODUCT_BUNDLE_IDENTIFIER = com.myorganization199.Maps;
				PRODUCT_NAME = "$(TARGET_NAME)";
				SWIFT_VERSION = 5.0;
				TARGETED_DEVICE_FAMILY = 1;
			};
			name = Release;
		};
/* End XCBuildConfiguration section */

/* Begin XCConfigurationList section */
		D340DD7126DC840C00CCC966 /* Build configuration list for PBXProject "Maps" */ = {
			isa = XCConfigurationList;
			buildConfigurations = (
				D340DD8826DC841000CCC966 /* Debug */,
				D340DD8926DC841000CCC966 /* Release */,
			);
			defaultConfigurationIsVisible = 0;
			defaultConfigurationName = Release;
		};
		D340DD8A26DC841000CCC966 /* Build configuration list for PBXNativeTarget "Maps" */ = {
			isa = XCConfigurationList;
			buildConfigurations = (
				D340DD8B26DC841000CCC966 /* Debug */,
				D340DD8C26DC841000CCC966 /* Release */,
			);
			defaultConfigurationIsVisible = 0;
			defaultConfigurationName = Release;
		};
/* End XCConfigurationList section */
	};
	rootObject = D340DD6E26DC840C00CCC966 /* Project object */;
}
